PODS:
  - WCLib (0.1.1):
    - WCLib/Wechat_NoPay (= 0.1.1)
  - WCLib/Wechat_NoPay (0.1.1)

DEPENDENCIES:
  - WCLib (from `../`)

EXTERNAL SOURCES:
  WCLib:
    :path: "../"

SPEC CHECKSUMS:
  WCLib: 927fcfac14173b9df63beebdefd19413de015353

PODFILE CHECKSUM: 067fbc15508784b9f26039c94b867157c7b88710

COCOAPODS: 1.9.3
